
Microsoft Visual Studio Solution File, Format Version 12.00
# Visual Studio Version 16
VisualStudioVersion = 25.0.1706.10
MinimumVisualStudioVersion = 10.0.40219.1
Project("{FAE04EC0-301F-11D3-BF4B-00C04F79EFBC}") = "MVC_Start_8", "MVC_Start_8\MVC_Start_8.csproj", "{A850071A-8691-4B0C-92FB-2FD1AF0F951F}"
EndProject
Global
	GlobalSection(SolutionConfigurationPlatforms) = preSolution
		Debug|Any CPU = Debug|Any CPU
		Release|Any CPU = Release|Any CPU
	EndGlobalSection
	GlobalSection(ProjectConfigurationPlatforms) = postSolution
		{A850071A-8691-4B0C-92FB-2FD1AF0F951F}.Debug|Any CPU.ActiveCfg = Debug|Any CPU
		{A850071A-8691-4B0C-92FB-2FD1AF0F951F}.Debug|Any CPU.Build.0 = Debug|Any CPU
		{A850071A-8691-4B0C-92FB-2FD1AF0F951F}.Release|Any CPU.ActiveCfg = Release|Any CPU
		{A850071A-8691-4B0C-92FB-2FD1AF0F951F}.Release|Any CPU.Build.0 = Release|Any CPU
	EndGlobalSection
	GlobalSection(SolutionProperties) = preSolution
		HideSolutionNode = FALSE
	EndGlobalSection
	GlobalSection(ExtensibilityGlobals) = postSolution
		SolutionGuid = {EBF885AC-011E-4B0B-BFD9-F7CB562B7BB6}
	EndGlobalSection
EndGlobal
